// !$*UTF8*$!
{
	archiveVersion = 1;
	classes = {
	};
	objectVersion = 56;
	objects = {

/* Begin PBXBuildFile section */
		129A5BCD296DA36E006F8AFB /* AppDelegate.swift in Sources */ = {isa = PBXBuildFile; fileRef = 129A5BCC296DA36E006F8AFB /* AppDelegate.swift */; };
		129A5BCF296DA36E006F8AFB /* SceneDelegate.swift in Sources */ = {isa = PBXBuildFile; fileRef = 129A5BCE296DA36E006F8AFB /* SceneDelegate.swift */; };
		129A5BD1296DA36E006F8AFB /* ViewController.swift in Sources */ = {isa = PBXBuildFile; fileRef = 129A5BD0296DA36E006F8AFB /* ViewController.swift */; };
		129A5BD4296DA36E006F8AFB /* Main.storyboard in Resources */ = {isa = PBXBuildFile; fileRef = 129A5BD2296DA36E006F8AFB /* Main.storyboard */; };
		129A5BD7296DA36E006F8AFB /* ContactExercise.xcdatamodeld in Sources */ = {isa = PBXBuildFile; fileRef = 129A5BD5296DA36E006F8AFB /* ContactExercise.xcdatamodeld */; };
		129A5BD9296DA36F006F8AFB /* Assets.xcassets in Resources */ = {isa = PBXBuildFile; fileRef = 129A5BD8296DA36F006F8AFB /* Assets.xcassets */; };
		129A5BDC296DA36F006F8AFB /* LaunchScreen.storyboard in Resources */ = {isa = PBXBuildFile; fileRef = 129A5BDA296DA36F006F8AFB /* LaunchScreen.storyboard */; };
		129A5BE7296DA36F006F8AFB /* ContactExerciseTests.swift in Sources */ = {isa = PBXBuildFile; fileRef = 129A5BE6296DA36F006F8AFB /* ContactExerciseTests.swift */; };
		129A5BF1296DA36F006F8AFB /* ContactExerciseUITests.swift in Sources */ = {isa = PBXBuildFile; fileRef = 129A5BF0296DA36F006F8AFB /* ContactExerciseUITests.swift */; };
		129A5BF3296DA36F006F8AFB /* ContactExerciseUITestsLaunchTests.swift in Sources */ = {isa = PBXBuildFile; fileRef = 129A5BF2296DA36F006F8AFB /* ContactExerciseUITestsLaunchTests.swift */; };
		129A5C08296DBCB6006F8AFB /* LoginViewController.swift in Sources */ = {isa = PBXBuildFile; fileRef = 129A5C07296DBCB6006F8AFB /* LoginViewController.swift */; };
		129B0AC9297ED87000DF2702 /* UserProfileViewController.swift in Sources */ = {isa = PBXBuildFile; fileRef = 129B0AC8297ED87000DF2702 /* UserProfileViewController.swift */; };
		129B0ACB297EDF6C00DF2702 /* MapViewController.swift in Sources */ = {isa = PBXBuildFile; fileRef = 129B0ACA297EDF6C00DF2702 /* MapViewController.swift */; };
		129B0ACD297EE3AD00DF2702 /* audio.mp3 in Resources */ = {isa = PBXBuildFile; fileRef = 129B0ACC297EE3AD00DF2702 /* audio.mp3 */; };
/* End PBXBuildFile section */

/* Begin PBXContainerItemProxy section */
		129A5BE3296DA36F006F8AFB /* PBXContainerItemProxy */ = {
			isa = PBXContainerItemProxy;
			containerPortal = 129A5BC1296DA36E006F8AFB /* Project object */;
			proxyType = 1;
			remoteGlobalIDString = 129A5BC8296DA36E006F8AFB;
			remoteInfo = ContactExercise;
		};
		129A5BED296DA36F006F8AFB /* PBXContainerItemProxy */ = {
			isa = PBXContainerItemProxy;
			containerPortal = 129A5BC1296DA36E006F8AFB /* Project object */;
			proxyType = 1;
			remoteGlobalIDString = 129A5BC8296DA36E006F8AFB;
			remoteInfo = ContactExercise;
		};
/* End PBXContainerItemProxy section */

/* Begin PBXFileReference section */
		129A5BC9296DA36E006F8AFB /* ContactExercise.app */ = {isa = PBXFileReference; explicitFileType = wrapper.application; includeInIndex = 0; path = ContactExercise.app; sourceTree = BUILT_PRODUCTS_DIR; };
		129A5BCC296DA36E006F8AFB /* AppDelegate.swift */ = {isa = PBXFileReference; lastKnownFileType = sourcecode.swift; path = AppDelegate.swift; sourceTree = "<group>"; };
		129A5BCE296DA36E006F8AFB /* SceneDelegate.swift */ = {isa = PBXFileReference; lastKnownFileType = sourcecode.swift; path = SceneDelegate.swift; sourceTree = "<group>"; };
		129A5BD0296DA36E006F8AFB /* ViewController.swift */ = {isa = PBXFileReference; lastKnownFileType = sourcecode.swift; path = ViewController.swift; sourceTree = "<group>"; };
		129A5BD3296DA36E006F8AFB /* Base */ = {isa = PBXFileReference; lastKnownFileType = file.storyboard; name = Base; path = Base.lproj/Main.storyboard; sourceTree = "<group>"; };
		129A5BD6296DA36E006F8AFB /* ContactExercise.xcdatamodel */ = {isa = PBXFileReference; lastKnownFileType = wrapper.xcdatamodel; path = ContactExercise.xcdatamodel; sourceTree = "<group>"; };
		129A5BD8296DA36F006F8AFB /* Assets.xcassets */ = {isa = PBXFileReference; lastKnownFileType = folder.assetcatalog; path = Assets.xcassets; sourceTree = "<group>"; };
		129A5BDB296DA36F006F8AFB /* Base */ = {isa = PBXFileReference; lastKnownFileType = file.storyboard; name = Base; path = Base.lproj/LaunchScreen.storyboard; sourceTree = "<group>"; };
		129A5BDD296DA36F006F8AFB /* Info.plist */ = {isa = PBXFileReference; lastKnownFileType = text.plist.xml; path = Info.plist; sourceTree = "<group>"; };
		129A5BE2296DA36F006F8AFB /* ContactExerciseTests.xctest */ = {isa = PBXFileReference; explicitFileType = wrapper.cfbundle; includeInIndex = 0; path = ContactExerciseTests.xctest; sourceTree = BUILT_PRODUCTS_DIR; };
		129A5BE6296DA36F006F8AFB /* ContactExerciseTests.swift */ = {isa = PBXFileReference; lastKnownFileType = sourcecode.swift; path = ContactExerciseTests.swift; sourceTree = "<group>"; };
		129A5BEC296DA36F006F8AFB /* ContactExerciseUITests.xctest */ = {isa = PBXFileReference; explicitFileType = wrapper.cfbundle; includeInIndex = 0; path = ContactExerciseUITests.xctest; sourceTree = BUILT_PRODUCTS_DIR; };
		129A5BF0296DA36F006F8AFB /* ContactExerciseUITests.swift */ = {isa = PBXFileReference; lastKnownFileType = sourcecode.swift; path = ContactExerciseUITests.swift; sourceTree = "<group>"; };
		129A5BF2296DA36F006F8AFB /* ContactExerciseUITestsLaunchTests.swift */ = {isa = PBXFileReference; lastKnownFileType = sourcecode.swift; path = ContactExerciseUITestsLaunchTests.swift; sourceTree = "<group>"; };
		129A5C07296DBCB6006F8AFB /* LoginViewController.swift */ = {isa = PBXFileReference; lastKnownFileType = sourcecode.swift; path = LoginViewController.swift; sourceTree = "<group>"; };
		129B0AC8297ED87000DF2702 /* UserProfileViewController.swift */ = {isa = PBXFileReference; lastKnownFileType = sourcecode.swift; path = UserProfileViewController.swift; sourceTree = "<group>"; };
		129B0ACA297EDF6C00DF2702 /* MapViewController.swift */ = {isa = PBXFileReference; lastKnownFileType = sourcecode.swift; path = MapViewController.swift; sourceTree = "<group>"; };
		129B0ACC297EE3AD00DF2702 /* audio.mp3 */ = {isa = PBXFileReference; lastKnownFileType = audio.mp3; path = audio.mp3; sourceTree = "<group>"; };
/* End PBXFileReference section */

/* Begin PBXFrameworksBuildPhase section */
		129A5BC6296DA36E006F8AFB /* Frameworks */ = {
			isa = PBXFrameworksBuildPhase;
			buildActionMask = 2147483647;
			files = (
			);
			runOnlyForDeploymentPostprocessing = 0;
		};
		129A5BDF296DA36F006F8AFB /* Frameworks */ = {
			isa = PBXFrameworksBuildPhase;
			buildActionMask = 2147483647;
			files = (
			);
			runOnlyForDeploymentPostprocessing = 0;
		};
		129A5BE9296DA36F006F8AFB /* Frameworks */ = {
			isa = PBXFrameworksBuildPhase;
			buildActionMask = 2147483647;
			files = (
			);
			runOnlyForDeploymentPostprocessing = 0;
		};
/* End PBXFrameworksBuildPhase section */

/* Begin PBXGroup section */
		129A5BC0296DA36E006F8AFB = {
			isa = PBXGroup;
			children = (
				129A5BCB296DA36E006F8AFB /* ContactExercise */,
				129A5BE5296DA36F006F8AFB /* ContactExerciseTests */,
				129A5BEF296DA36F006F8AFB /* ContactExerciseUITests */,
				129A5BCA296DA36E006F8AFB /* Products */,
			);
			sourceTree = "<group>";
		};
		129A5BCA296DA36E006F8AFB /* Products */ = {
			isa = PBXGroup;
			children = (
				129A5BC9296DA36E006F8AFB /* ContactExercise.app */,
				129A5BE2296DA36F006F8AFB /* ContactExerciseTests.xctest */,
				129A5BEC296DA36F006F8AFB /* ContactExerciseUITests.xctest */,
			);
			name = Products;
			sourceTree = "<group>";
		};
		129A5BCB296DA36E006F8AFB /* ContactExercise */ = {
			isa = PBXGroup;
			children = (
				129B0ACC297EE3AD00DF2702 /* audio.mp3 */,
				129A5BCC296DA36E006F8AFB /* AppDelegate.swift */,
				129A5BCE296DA36E006F8AFB /* SceneDelegate.swift */,
				129A5BD0296DA36E006F8AFB /* ViewController.swift */,
				129A5C07296DBCB6006F8AFB /* LoginViewController.swift */,
				129B0AC8297ED87000DF2702 /* UserProfileViewController.swift */,
				129B0ACA297EDF6C00DF2702 /* MapViewController.swift */,
				129A5BD2296DA36E006F8AFB /* Main.storyboard */,
				129A5BD8296DA36F006F8AFB /* Assets.xcassets */,
				129A5BDA296DA36F006F8AFB /* LaunchScreen.storyboard */,
				129A5BDD296DA36F006F8AFB /* Info.plist */,
				129A5BD5296DA36E006F8AFB /* ContactExercise.xcdatamodeld */,
			);
			path = ContactExercise;
			sourceTree = "<group>";
		};
		129A5BE5296DA36F006F8AFB /* ContactExerciseTests */ = {
			isa = PBXGroup;
			children = (
				129A5BE6296DA36F006F8AFB /* ContactExerciseTests.swift */,
			);
			path = ContactExerciseTests;
			sourceTree = "<group>";
		};
		129A5BEF296DA36F006F8AFB /* ContactExerciseUITests */ = {
			isa = PBXGroup;
			children = (
				129A5BF0296DA36F006F8AFB /* ContactExerciseUITests.swift */,
				129A5BF2296DA36F006F8AFB /* ContactExerciseUITestsLaunchTests.swift */,
			);
			path = ContactExerciseUITests;
			sourceTree = "<group>";
		};
/* End PBXGroup section */

/* Begin PBXNativeTarget section */
		129A5BC8296DA36E006F8AFB /* ContactExercise */ = {
			isa = PBXNativeTarget;
			buildConfigurationList = 129A5BF6296DA36F006F8AFB /* Build configuration list for PBXNativeTarget "ContactExercise" */;
			buildPhases = (
				129A5BC5296DA36E006F8AFB /* Sources */,
				129A5BC6296DA36E006F8AFB /* Frameworks */,
				129A5BC7296DA36E006F8AFB /* Resources */,
			);
			buildRules = (
			);
			dependencies = (
			);
			name = ContactExercise;
			productName = ContactExercise;
			productReference = 129A5BC9296DA36E006F8AFB /* ContactExercise.app */;
			productType = "com.apple.product-type.application";
		};
		129A5BE1296DA36F006F8AFB /* ContactExerciseTests */ = {
			isa = PBXNativeTarget;
			buildConfigurationList = 129A5BF9296DA36F006F8AFB /* Build configuration list for PBXNativeTarget "ContactExerciseTests" */;
			buildPhases = (
				129A5BDE296DA36F006F8AFB /* Sources */,
				129A5BDF296DA36F006F8AFB /* Frameworks */,
				129A5BE0296DA36F006F8AFB /* Resources */,
			);
			buildRules = (
			);
			dependencies = (
				129A5BE4296DA36F006F8AFB /* PBXTargetDependency */,
			);
			name = ContactExerciseTests;
			productName = ContactExerciseTests;
			productReference = 129A5BE2296DA36F006F8AFB /* ContactExerciseTests.xctest */;
			productType = "com.apple.product-type.bundle.unit-test";
		};
		129A5BEB296DA36F006F8AFB /* ContactExerciseUITests */ = {
			isa = PBXNativeTarget;
			buildConfigurationList = 129A5BFC296DA36F006F8AFB /* Build configuration list for PBXNativeTarget "ContactExerciseUITests" */;
			buildPhases = (
				129A5BE8296DA36F006F8AFB /* Sources */,
				129A5BE9296DA36F006F8AFB /* Frameworks */,
				129A5BEA296DA36F006F8AFB /* Resources */,
			);
			buildRules = (
			);
			dependencies = (
				129A5BEE296DA36F006F8AFB /* PBXTargetDependency */,
			);
			name = ContactExerciseUITests;
			productName = ContactExerciseUITests;
			productReference = 129A5BEC296DA36F006F8AFB /* ContactExerciseUITests.xctest */;
			productType = "com.apple.product-type.bundle.ui-testing";
		};
/* End PBXNativeTarget section */

/* Begin PBXProject section */
		129A5BC1296DA36E006F8AFB /* Project object */ = {
			isa = PBXProject;
			attributes = {
				BuildIndependentTargetsInParallel = 1;
				LastSwiftUpdateCheck = 1420;
				LastUpgradeCheck = 1420;
				TargetAttributes = {
					129A5BC8296DA36E006F8AFB = {
						CreatedOnToolsVersion = 14.2;
					};
					129A5BE1296DA36F006F8AFB = {
						CreatedOnToolsVersion = 14.2;
						TestTargetID = 129A5BC8296DA36E006F8AFB;
					};
					129A5BEB296DA36F006F8AFB = {
						CreatedOnToolsVersion = 14.2;
						TestTargetID = 129A5BC8296DA36E006F8AFB;
					};
				};
			};
			buildConfigurationList = 129A5BC4296DA36E006F8AFB /* Build configuration list for PBXProject "ContactExercise" */;
			compatibilityVersion = "Xcode 14.0";
			developmentRegion = en;
			hasScannedForEncodings = 0;
			knownRegions = (
				en,
				Base,
			);
			mainGroup = 129A5BC0296DA36E006F8AFB;
			productRefGroup = 129A5BCA296DA36E006F8AFB /* Products */;
			projectDirPath = "";
			projectRoot = "";
			targets = (
				129A5BC8296DA36E006F8AFB /* ContactExercise */,
				129A5BE1296DA36F006F8AFB /* ContactExerciseTests */,
				129A5BEB296DA36F006F8AFB /* ContactExerciseUITests */,
			);
		};
/* End PBXProject section */

/* Begin PBXResourcesBuildPhase section */
		129A5BC7296DA36E006F8AFB /* Resources */ = {
			isa = PBXResourcesBuildPhase;
			buildActionMask = 2147483647;
			files = (
				129A5BDC296DA36F006F8AFB /* LaunchScreen.storyboard in Resources */,
				129B0ACD297EE3AD00DF2702 /* audio.mp3 in Resources */,
				129A5BD9296DA36F006F8AFB /* Assets.xcassets in Resources */,
				129A5BD4296DA36E006F8AFB /* Main.storyboard in Resources */,
			);
			runOnlyForDeploymentPostprocessing = 0;
		};
		129A5BE0296DA36F006F8AFB /* Resources */ = {
			isa = PBXResourcesBuildPhase;
			buildActionMask = 2147483647;
			files = (
			);
			runOnlyForDeploymentPostprocessing = 0;
		};
		129A5BEA296DA36F006F8AFB /* Resources */ = {
			isa = PBXResourcesBuildPhase;
			buildActionMask = 2147483647;
			files = (
			);
			runOnlyForDeploymentPostprocessing = 0;
		};
/* End PBXResourcesBuildPhase section */

/* Begin PBXSourcesBuildPhase section */
		129A5BC5296DA36E006F8AFB /* Sources */ = {
			isa = PBXSourcesBuildPhase;
			buildActionMask = 2147483647;
			files = (
				129A5BD7296DA36E006F8AFB /* ContactExercise.xcdatamodeld in Sources */,
				129B0AC9297ED87000DF2702 /* UserProfileViewController.swift in Sources */,
				129A5BD1296DA36E006F8AFB /* ViewController.swift in Sources */,
				129A5BCD296DA36E006F8AFB /* AppDelegate.swift in Sources */,
				129A5C08296DBCB6006F8AFB /* LoginViewController.swift in Sources */,
				129A5BCF296DA36E006F8AFB /* SceneDelegate.swift in Sources */,
				129B0ACB297EDF6C00DF2702 /* MapViewController.swift in Sources */,
			);
			runOnlyForDeploymentPostprocessing = 0;
		};
		129A5BDE296DA36F006F8AFB /* Sources */ = {
			isa = PBXSourcesBuildPhase;
			buildActionMask = 2147483647;
			files = (
				129A5BE7296DA36F006F8AFB /* ContactExerciseTests.swift in Sources */,
			);
			runOnlyForDeploymentPostprocessing = 0;
		};
		129A5BE8296DA36F006F8AFB /* Sources */ = {
			isa = PBXSourcesBuildPhase;
			buildActionMask = 2147483647;
			files = (
				129A5BF1296DA36F006F8AFB /* ContactExerciseUITests.swift in Sources */,
				129A5BF3296DA36F006F8AFB /* ContactExerciseUITestsLaunchTests.swift in Sources */,
			);
			runOnlyForDeploymentPostprocessing = 0;
		};
/* End PBXSourcesBuildPhase section */

/* Begin PBXTargetDependency section */
		129A5BE4296DA36F006F8AFB /* PBXTargetDependency */ = {
			isa = PBXTargetDependency;
			target = 129A5BC8296DA36E006F8AFB /* ContactExercise */;
			targetProxy = 129A5BE3296DA36F006F8AFB /* PBXContainerItemProxy */;
		};
		129A5BEE296DA36F006F8AFB /* PBXTargetDependency */ = {
			isa = PBXTargetDependency;
			target = 129A5BC8296DA36E006F8AFB /* ContactExercise */;
			targetProxy = 129A5BED296DA36F006F8AFB /* PBXContainerItemProxy */;
		};
/* End PBXTargetDependency section */

/* Begin PBXVariantGroup section */
		129A5BD2296DA36E006F8AFB /* Main.storyboard */ = {
			isa = PBXVariantGroup;
			children = (
				129A5BD3296DA36E006F8AFB /* Base */,
			);
			name = Main.storyboard;
			sourceTree = "<group>";
		};
		129A5BDA296DA36F006F8AFB /* LaunchScreen.storyboard */ = {
			isa = PBXVariantGroup;
			children = (
				129A5BDB296DA36F006F8AFB /* Base */,
			);
			name = LaunchScreen.storyboard;
			sourceTree = "<group>";
		};
/* End PBXVariantGroup section */

/* Begin XCBuildConfiguration section */
		129A5BF4296DA36F006F8AFB /* Debug */ = {
			isa = XCBuildConfiguration;
			buildSettings = {
				ALWAYS_SEARCH_USER_PATHS = NO;
				CLANG_ANALYZER_NONNULL = YES;
				CLANG_ANALYZER_NUMBER_OBJECT_CONVERSION = YES_AGGRESSIVE;
				CLANG_CXX_LANGUAGE_STANDARD = "gnu++20";
				CLANG_ENABLE_MODULES = YES;
				CLANG_ENABLE_OBJC_ARC = YES;
				CLANG_ENABLE_OBJC_WEAK = YES;
				CLANG_WARN_BLOCK_CAPTURE_AUTORELEASING = YES;
				CLANG_WARN_BOOL_CONVERSION = YES;
				CLANG_WARN_COMMA = YES;
				CLANG_WARN_CONSTANT_CONVERSION = YES;
				CLANG_WARN_DEPRECATED_OBJC_IMPLEMENTATIONS = YES;
				CLANG_WARN_DIRECT_OBJC_ISA_USAGE = YES_ERROR;
				CLANG_WARN_DOCUMENTATION_COMMENTS = YES;
				CLANG_WARN_EMPTY_BODY = YES;
				CLANG_WARN_ENUM_CONVERSION = YES;
				CLANG_WARN_INFINITE_RECURSION = YES;
				CLANG_WARN_INT_CONVERSION = YES;
				CLANG_WARN_NON_LITERAL_NULL_CONVERSION = YES;
				CLANG_WARN_OBJC_IMPLICIT_RETAIN_SELF = YES;
				CLANG_WARN_OBJC_LITERAL_CONVERSION = YES;
				CLANG_WARN_OBJC_ROOT_CLASS = YES_ERROR;
				CLANG_WARN_QUOTED_INCLUDE_IN_FRAMEWORK_HEADER = YES;
				CLANG_WARN_RANGE_LOOP_ANALYSIS = YES;
				CLANG_WARN_STRICT_PROTOTYPES = YES;
				CLANG_WARN_SUSPICIOUS_MOVE = YES;
				CLANG_WARN_UNGUARDED_AVAILABILITY = YES_AGGRESSIVE;
				CLANG_WARN_UNREACHABLE_CODE = YES;
				CLANG_WARN__DUPLICATE_METHOD_MATCH = YES;
				COPY_PHASE_STRIP = NO;
				DEBUG_INFORMATION_FORMAT = dwarf;
				ENABLE_STRICT_OBJC_MSGSEND = YES;
				ENABLE_TESTABILITY = YES;
				GCC_C_LANGUAGE_STANDARD = gnu11;
				GCC_DYNAMIC_NO_PIC = NO;
				GCC_NO_COMMON_BLOCKS = YES;
				GCC_OPTIMIZATION_LEVEL = 0;
				GCC_PREPROCESSOR_DEFINITIONS = (
					"DEBUG=1",
					"$(inherited)",
				);
				GCC_WARN_64_TO_32_BIT_CONVERSION = YES;
				GCC_WARN_ABOUT_RETURN_TYPE = YES_ERROR;
				GCC_WARN_UNDECLARED_SELECTOR = YES;
				GCC_WARN_UNINITIALIZED_AUTOS = YES_AGGRESSIVE;
				GCC_WARN_UNUSED_FUNCTION = YES;
				GCC_WARN_UNUSED_VARIABLE = YES;
				IPHONEOS_DEPLOYMENT_TARGET = 16.2;
				MTL_ENABLE_DEBUG_INFO = INCLUDE_SOURCE;
				MTL_FAST_MATH = YES;
				ONLY_ACTIVE_ARCH = YES;
				SDKROOT = iphoneos;
				SWIFT_ACTIVE_COMPILATION_CONDITIONS = DEBUG;
				SWIFT_OPTIMIZATION_LEVEL = "-Onone";
			};
			name = Debug;
		};
		129A5BF5296DA36F006F8AFB /* Release */ = {
			isa = XCBuildConfiguration;
			buildSettings = {
				ALWAYS_SEARCH_USER_PATHS = NO;
				CLANG_ANALYZER_NONNULL = YES;
				CLANG_ANALYZER_NUMBER_OBJECT_CONVERSION = YES_AGGRESSIVE;
				CLANG_CXX_LANGUAGE_STANDARD = "gnu++20";
				CLANG_ENABLE_MODULES = YES;
				CLANG_ENABLE_OBJC_ARC = YES;
				CLANG_ENABLE_OBJC_WEAK = YES;
				CLANG_WARN_BLOCK_CAPTURE_AUTORELEASING = YES;
				CLANG_WARN_BOOL_CONVERSION = YES;
				CLANG_WARN_COMMA = YES;
				CLANG_WARN_CONSTANT_CONVERSION = YES;
				CLANG_WARN_DEPRECATED_OBJC_IMPLEMENTATIONS = YES;
				CLANG_WARN_DIRECT_OBJC_ISA_USAGE = YES_ERROR;
				CLANG_WARN_DOCUMENTATION_COMMENTS = YES;
				CLANG_WARN_EMPTY_BODY = YES;
				CLANG_WARN_ENUM_CONVERSION = YES;
				CLANG_WARN_INFINITE_RECURSION = YES;
				CLANG_WARN_INT_CONVERSION = YES;
				CLANG_WARN_NON_LITERAL_NULL_CONVERSION = YES;
				CLANG_WARN_OBJC_IMPLICIT_RETAIN_SELF = YES;
				CLANG_WARN_OBJC_LITERAL_CONVERSION = YES;
				CLANG_WARN_OBJC_ROOT_CLASS = YES_ERROR;
				CLANG_WARN_QUOTED_INCLUDE_IN_FRAMEWORK_HEADER = YES;
				CLANG_WARN_RANGE_LOOP_ANALYSIS = YES;
				CLANG_WARN_STRICT_PROTOTYPES = YES;
				CLANG_WARN_SUSPICIOUS_MOVE = YES;
				CLANG_WARN_UNGUARDED_AVAILABILITY = YES_AGGRESSIVE;
				CLANG_WARN_UNREACHABLE_CODE = YES;
				CLANG_WARN__DUPLICATE_METHOD_MATCH = YES;
				COPY_PHASE_STRIP = NO;
				DEBUG_INFORMATION_FORMAT = "dwarf-with-dsym";
				ENABLE_NS_ASSERTIONS = NO;
				ENABLE_STRICT_OBJC_MSGSEND = YES;
				GCC_C_LANGUAGE_STANDARD = gnu11;
				GCC_NO_COMMON_BLOCKS = YES;
				GCC_WARN_64_TO_32_BIT_CONVERSION = YES;
				GCC_WARN_ABOUT_RETURN_TYPE = YES_ERROR;
				GCC_WARN_UNDECLARED_SELECTOR = YES;
				GCC_WARN_UNINITIALIZED_AUTOS = YES_AGGRESSIVE;
				GCC_WARN_UNUSED_FUNCTION = YES;
				GCC_WARN_UNUSED_VARIABLE = YES;
				IPHONEOS_DEPLOYMENT_TARGET = 16.2;
				MTL_ENABLE_DEBUG_INFO = NO;
				MTL_FAST_MATH = YES;
				SDKROOT = iphoneos;
				SWIFT_COMPILATION_MODE = wholemodule;
				SWIFT_OPTIMIZATION_LEVEL = "-O";
				VALIDATE_PRODUCT = YES;
			};
			name = Release;
		};
		129A5BF7296DA36F006F8AFB /* Debug */ = {
			isa = XCBuildConfiguration;
			buildSettings = {
				ASSETCATALOG_COMPILER_APPICON_NAME = AppIcon;
				ASSETCATALOG_COMPILER_GLOBAL_ACCENT_COLOR_NAME = AccentColor;
				CODE_SIGN_STYLE = Automatic;
				CURRENT_PROJECT_VERSION = 1;
				GENERATE_INFOPLIST_FILE = YES;
				INFOPLIST_FILE = ContactExercise/Info.plist;
				INFOPLIST_KEY_UIApplicationSupportsIndirectInputEvents = YES;
				INFOPLIST_KEY_UILaunchStoryboardName = LaunchScreen;
				INFOPLIST_KEY_UIMainStoryboardFile = Main;
				INFOPLIST_KEY_UISupportedInterfaceOrientations_iPad = "UIInterfaceOrientationPortrait UIInterfaceOrientationPortraitUpsideDown UIInterfaceOrientationLandscapeLeft UIInterfaceOrientationLandscapeRight";
				INFOPLIST_KEY_UISupportedInterfaceOrientations_iPhone = "UIInterfaceOrientationPortrait UIInterfaceOrientationLandscapeLeft UIInterfaceOrientationLandscapeRight";
				LD_RUNPATH_SEARCH_PATHS = (
					"$(inherited)",
					"@executable_path/Frameworks",
				);
				MARKETING_VERSION = 1.0;
				PRODUCT_BUNDLE_IDENTIFIER = tmp.ContactExercise;
				PRODUCT_NAME = "$(TARGET_NAME)";
				SWIFT_EMIT_LOC_STRINGS = YES;
				SWIFT_VERSION = 5.0;
				TARGETED_DEVICE_FAMILY = "1,2";
			};
			name = Debug;
		};
		129A5BF8296DA36F006F8AFB /* Release */ = {
			isa = XCBuildConfiguration;
			buildSettings = {
				ASSETCATALOG_COMPILER_APPICON_NAME = AppIcon;
				ASSETCATALOG_COMPILER_GLOBAL_ACCENT_COLOR_NAME = AccentColor;
				CODE_SIGN_STYLE = Automatic;
				CURRENT_PROJECT_VERSION = 1;
				GENERATE_INFOPLIST_FILE = YES;
				INFOPLIST_FILE = ContactExercise/Info.plist;
				INFOPLIST_KEY_UIApplicationSupportsIndirectInputEvents = YES;
				INFOPLIST_KEY_UILaunchStoryboardName = LaunchScreen;
				INFOPLIST_KEY_UIMainStoryboardFile = Main;
				INFOPLIST_KEY_UISupportedInterfaceOrientations_iPad = "UIInterfaceOrientationPortrait UIInterfaceOrientationPortraitUpsideDown UIInterfaceOrientationLandscapeLeft UIInterfaceOrientationLandscapeRight";
				INFOPLIST_KEY_UISupportedInterfaceOrientations_iPhone = "UIInterfaceOrientationPortrait UIInterfaceOrientationLandscapeLeft UIInterfaceOrientationLandscapeRight";
				LD_RUNPATH_SEARCH_PATHS = (
					"$(inherited)",
					"@executable_path/Frameworks",
				);
				MARKETING_VERSION = 1.0;
				PRODUCT_BUNDLE_IDENTIFIER = tmp.ContactExercise;
				PRODUCT_NAME = "$(TARGET_NAME)";
				SWIFT_EMIT_LOC_STRINGS = YES;
				SWIFT_VERSION = 5.0;
				TARGETED_DEVICE_FAMILY = "1,2";
			};
			name = Release;
		};
		129A5BFA296DA36F006F8AFB /* Debug */ = {
			isa = XCBuildConfiguration;
			buildSettings = {
				ALWAYS_EMBED_SWIFT_STANDARD_LIBRARIES = YES;
				BUNDLE_LOADER = "$(TEST_HOST)";
				CODE_SIGN_STYLE = Automatic;
				CURRENT_PROJECT_VERSION = 1;
				GENERATE_INFOPLIST_FILE = YES;
				IPHONEOS_DEPLOYMENT_TARGET = 16.2;
				MARKETING_VERSION = 1.0;
				PRODUCT_BUNDLE_IDENTIFIER = tmp.ContactExerciseTests;
				PRODUCT_NAME = "$(TARGET_NAME)";
				SWIFT_EMIT_LOC_STRINGS = NO;
				SWIFT_VERSION = 5.0;
				TARGETED_DEVICE_FAMILY = "1,2";
				TEST_HOST = "$(BUILT_PRODUCTS_DIR)/ContactExercise.app/$(BUNDLE_EXECUTABLE_FOLDER_PATH)/ContactExercise";
			};
			name = Debug;
		};
		129A5BFB296DA36F006F8AFB /* Release */ = {
			isa = XCBuildConfiguration;
			buildSettings = {
				ALWAYS_EMBED_SWIFT_STANDARD_LIBRARIES = YES;
				BUNDLE_LOADER = "$(TEST_HOST)";
				CODE_SIGN_STYLE = Automatic;
				CURRENT_PROJECT_VERSION = 1;
				GENERATE_INFOPLIST_FILE = YES;
				IPHONEOS_DEPLOYMENT_TARGET = 16.2;
				MARKETING_VERSION = 1.0;
				PRODUCT_BUNDLE_IDENTIFIER = tmp.ContactExerciseTests;
				PRODUCT_NAME = "$(TARGET_NAME)";
				SWIFT_EMIT_LOC_STRINGS = NO;
				SWIFT_VERSION = 5.0;
				TARGETED_DEVICE_FAMILY = "1,2";
				TEST_HOST = "$(BUILT_PRODUCTS_DIR)/ContactExercise.app/$(BUNDLE_EXECUTABLE_FOLDER_PATH)/ContactExercise";
			};
			name = Release;
		};
		129A5BFD296DA36F006F8AFB /* Debug */ = {
			isa = XCBuildConfiguration;
			buildSettings = {
				ALWAYS_EMBED_SWIFT_STANDARD_LIBRARIES = YES;
				CODE_SIGN_STYLE = Automatic;
				CURRENT_PROJECT_VERSION = 1;
				GENERATE_INFOPLIST_FILE = YES;
				MARKETING_VERSION = 1.0;
				PRODUCT_BUNDLE_IDENTIFIER = tmp.ContactExerciseUITests;
				PRODUCT_NAME = "$(TARGET_NAME)";
				SWIFT_EMIT_LOC_STRINGS = NO;
				SWIFT_VERSION = 5.0;
				TARGETED_DEVICE_FAMILY = "1,2";
				TEST_TARGET_NAME = ContactExercise;
			};
			name = Debug;
		};
		129A5BFE296DA36F006F8AFB /* Release */ = {
			isa = XCBuildConfiguration;
			buildSettings = {
				ALWAYS_EMBED_SWIFT_STANDARD_LIBRARIES = YES;
				CODE_SIGN_STYLE = Automatic;
				CURRENT_PROJECT_VERSION = 1;
				GENERATE_INFOPLIST_FILE = YES;
				MARKETING_VERSION = 1.0;
				PRODUCT_BUNDLE_IDENTIFIER = tmp.ContactExerciseUITests;
				PRODUCT_NAME = "$(TARGET_NAME)";
				SWIFT_EMIT_LOC_STRINGS = NO;
				SWIFT_VERSION = 5.0;
				TARGETED_DEVICE_FAMILY = "1,2";
				TEST_TARGET_NAME = ContactExercise;
			};
			name = Release;
		};
/* End XCBuildConfiguration section */

/* Begin XCConfigurationList section */
		129A5BC4296DA36E006F8AFB /* Build configuration list for PBXProject "ContactExercise" */ = {
			isa = XCConfigurationList;
			buildConfigurations = (
				129A5BF4296DA36F006F8AFB /* Debug */,
				129A5BF5296DA36F006F8AFB /* Release */,
			);
			defaultConfigurationIsVisible = 0;
			defaultConfigurationName = Release;
		};
		129A5BF6296DA36F006F8AFB /* Build configuration list for PBXNativeTarget "ContactExercise" */ = {
			isa = XCConfigurationList;
			buildConfigurations = (
				129A5BF7296DA36F006F8AFB /* Debug */,
				129A5BF8296DA36F006F8AFB /* Release */,
			);
			defaultConfigurationIsVisible = 0;
			defaultConfigurationName = Release;
		};
		129A5BF9296DA36F006F8AFB /* Build configuration list for PBXNativeTarget "ContactExerciseTests" */ = {
			isa = XCConfigurationList;
			buildConfigurations = (
				129A5BFA296DA36F006F8AFB /* Debug */,
				129A5BFB296DA36F006F8AFB /* Release */,
			);
			defaultConfigurationIsVisible = 0;
			defaultConfigurationName = Release;
		};
		129A5BFC296DA36F006F8AFB /* Build configuration list for PBXNativeTarget "ContactExerciseUITests" */ = {
			isa = XCConfigurationList;
			buildConfigurations = (
				129A5BFD296DA36F006F8AFB /* Debug */,
				129A5BFE296DA36F006F8AFB /* Release */,
			);
			defaultConfigurationIsVisible = 0;
			defaultConfigurationName = Release;
		};
/* End XCConfigurationList section */

/* Begin XCVersionGroup section */
		129A5BD5296DA36E006F8AFB /* ContactExercise.xcdatamodeld */ = {
			isa = XCVersionGroup;
			children = (
				129A5BD6296DA36E006F8AFB /* ContactExercise.xcdatamodel */,
			);
			currentVersion = 129A5BD6296DA36E006F8AFB /* ContactExercise.xcdatamodel */;
			path = ContactExercise.xcdatamodeld;
			sourceTree = "<group>";
			versionGroupType = wrapper.xcdatamodel;
		};
/* End XCVersionGroup section */
	};
	rootObject = 129A5BC1296DA36E006F8AFB /* Project object */;
}
